// !$*UTF8*$!
{
	archiveVersion = 1;
	classes = {
	};
	objectVersion = 56;
	objects = {

/* Begin PBXBuildFile section */
		A8C4605FC0BD6A2EB1967656 /* LMAES.swift in Sources */ = {isa = PBXBuildFile; fileRef = 4EC379FB7D7EFFC185646B9C /* LMAES.swift */; };
		5C8D5C329F193CC072D2BFD2 /* LMHash.swift in Sources */ = {isa = PBXBuildFile; fileRef = 5B9FC8D85BF79532E12462FE /* LMHash.swift */; };
		69171C6192F603E4899EF04D /* LMRSA.swift in Sources */ = {isa = PBXBuildFile; fileRef = EAD8BB22C723B03DA3D6B4E8 /* LMRSA.swift */; };
		7BD7FBF07B39253D76A1123A /* LMSelfTest.swift in Sources */ = {isa = PBXBuildFile; fileRef = 21605AA59368B17620004802 /* LMSelfTest.swift */; };
		D3CC54788A45AC052294BDDB /* LMSigner.swift in Sources */ = {isa = PBXBuildFile; fileRef = 46236D7624BAB005E0678FC4 /* LMSigner.swift */; };
		A2A03EDF6D2846BE4EBA4DF3 /* LMClient.swift in Sources */ = {isa = PBXBuildFile; fileRef = 248EAADE93448B39F347B406 /* LMClient.swift */; };
		67DB4B82330D1C8B287DA291 /* LMEndpoints.swift in Sources */ = {isa = PBXBuildFile; fileRef = D3373F1032F8959D7495DA76 /* LMEndpoints.swift */; };
		9A757E750C4A958BF5B13A6C /* LMModels.swift in Sources */ = {isa = PBXBuildFile; fileRef = 111D949AB8906CEF24EB9CBC /* LMModels.swift */; };
		BE32F72A1F4E6870E58778BC /* LMSignalCatalog.swift in Sources */ = {isa = PBXBuildFile; fileRef = 8D10A04F6B381CD7B6E54E02 /* LMSignalCatalog.swift */; };
		3CF7E4E59D8DED306DEE9648 /* LMBLECentral.swift in Sources */ = {isa = PBXBuildFile; fileRef = 178E0F70606542F28376CA72 /* LMBLECentral.swift */; };
		432C7A34E678509945A4D291 /* LMBLEKeyModels.swift in Sources */ = {isa = PBXBuildFile; fileRef = 9C3D44F3461B2BCDFF4F89A6 /* LMBLEKeyModels.swift */; };
		09E807F1DD178DBF38DE53B9 /* LMBLEProtocol.swift in Sources */ = {isa = PBXBuildFile; fileRef = 04DAEF8A0D118509CB6760D3 /* LMBLEProtocol.swift */; };
		51E128805AA40CB440D6431F /* LMLocationProvider.swift in Sources */ = {isa = PBXBuildFile; fileRef = 64C107729BB80F383CF27593 /* LMLocationProvider.swift */; };
		B0F08AC632E7AB750BAC9A65 /* LMSessionStore.swift in Sources */ = {isa = PBXBuildFile; fileRef = 4741E8039A8C004B2345718F /* LMSessionStore.swift */; };
		7474FDBCFFBCD62E4CD1EC58 /* BLEDebugView.swift in Sources */ = {isa = PBXBuildFile; fileRef = 9725D2C241BFDCDE2987B0EA /* BLEDebugView.swift */; };
		6D966BDB1D1333C743571AB9 /* BLEKeyView.swift in Sources */ = {isa = PBXBuildFile; fileRef = 340E31FD60E7EA54F836AEF5 /* BLEKeyView.swift */; };
		F288E6D7545C2089C17B3017 /* ChargeView.swift in Sources */ = {isa = PBXBuildFile; fileRef = 56213D6C5F00FE3EBD2AD69D /* ChargeView.swift */; };
		6451783540D5C3D218B3B9DF /* ControlPanelView.swift in Sources */ = {isa = PBXBuildFile; fileRef = 326FA4819659E3F08EF88084 /* ControlPanelView.swift */; };
		B0A122A53DA94A1FD96246DD /* DashboardView.swift in Sources */ = {isa = PBXBuildFile; fileRef = 480C6EB9AB5E2F713BC25983 /* DashboardView.swift */; };
		95AD1011D983EEA87E78FCC4 /* DiagnosticsView.swift in Sources */ = {isa = PBXBuildFile; fileRef = 884B09FD5CEB6F0A0AB61C64 /* DiagnosticsView.swift */; };
		C990ACEEF612FBECF2853C0E /* LocationView.swift in Sources */ = {isa = PBXBuildFile; fileRef = A2232B272CB878B5367BDDB8 /* LocationView.swift */; };
		6907F2DD1482F6BEE24E3450 /* LoginView.swift in Sources */ = {isa = PBXBuildFile; fileRef = E8D2C4948680375B8853E1A6 /* LoginView.swift */; };
		D2A095BDDF9A875C86BBFEB5 /* SelfTestView.swift in Sources */ = {isa = PBXBuildFile; fileRef = 14D1F81B894F702F257C5CD1 /* SelfTestView.swift */; };
		9DCBB53D7BE7B951E21874BE /* SettingsView.swift in Sources */ = {isa = PBXBuildFile; fileRef = D451076F292E7189C3B2DBC6 /* SettingsView.swift */; };
		4815462BBC23FF3D6F58FF3C /* SignalExplorerView.swift in Sources */ = {isa = PBXBuildFile; fileRef = 16C3E05407FB31B576C550F5 /* SignalExplorerView.swift */; };
		7905221120FBB9DB8B74B787 /* Theme.swift in Sources */ = {isa = PBXBuildFile; fileRef = E662A36FCA7763CF25013E50 /* Theme.swift */; };
		AD7D1D4EEC7C579D1396E3C3 /* LeapmotorLiteApp.swift in Sources */ = {isa = PBXBuildFile; fileRef = 503EA159B38B35A8F3176C8D /* LeapmotorLiteApp.swift */; };
		48473DF59511BE9D55AE6216 /* Assets.xcassets in Resources */ = {isa = PBXBuildFile; fileRef = 1FC48A12AC8DA9A5E82D0931 /* Assets.xcassets */; };
/* End PBXBuildFile section */

/* Begin PBXFileReference section */
		500C8EDC27AEFDD750931F18 /* LeapmotorLite.app */ = {isa = PBXFileReference; explicitFileType = wrapper.application; includeInIndex = 0; path = LeapmotorLite.app; sourceTree = BUILT_PRODUCTS_DIR; };
		4EC379FB7D7EFFC185646B9C /* LMAES.swift */ = {isa = PBXFileReference; lastKnownFileType = sourcecode.swift; path = LMAES.swift; sourceTree = "<group>"; };
		5B9FC8D85BF79532E12462FE /* LMHash.swift */ = {isa = PBXFileReference; lastKnownFileType = sourcecode.swift; path = LMHash.swift; sourceTree = "<group>"; };
		EAD8BB22C723B03DA3D6B4E8 /* LMRSA.swift */ = {isa = PBXFileReference; lastKnownFileType = sourcecode.swift; path = LMRSA.swift; sourceTree = "<group>"; };
		21605AA59368B17620004802 /* LMSelfTest.swift */ = {isa = PBXFileReference; lastKnownFileType = sourcecode.swift; path = LMSelfTest.swift; sourceTree = "<group>"; };
		46236D7624BAB005E0678FC4 /* LMSigner.swift */ = {isa = PBXFileReference; lastKnownFileType = sourcecode.swift; path = LMSigner.swift; sourceTree = "<group>"; };
		248EAADE93448B39F347B406 /* LMClient.swift */ = {isa = PBXFileReference; lastKnownFileType = sourcecode.swift; path = LMClient.swift; sourceTree = "<group>"; };
		D3373F1032F8959D7495DA76 /* LMEndpoints.swift */ = {isa = PBXFileReference; lastKnownFileType = sourcecode.swift; path = LMEndpoints.swift; sourceTree = "<group>"; };
		111D949AB8906CEF24EB9CBC /* LMModels.swift */ = {isa = PBXFileReference; lastKnownFileType = sourcecode.swift; path = LMModels.swift; sourceTree = "<group>"; };
		8D10A04F6B381CD7B6E54E02 /* LMSignalCatalog.swift */ = {isa = PBXFileReference; lastKnownFileType = sourcecode.swift; path = LMSignalCatalog.swift; sourceTree = "<group>"; };
		178E0F70606542F28376CA72 /* LMBLECentral.swift */ = {isa = PBXFileReference; lastKnownFileType = sourcecode.swift; path = LMBLECentral.swift; sourceTree = "<group>"; };
		9C3D44F3461B2BCDFF4F89A6 /* LMBLEKeyModels.swift */ = {isa = PBXFileReference; lastKnownFileType = sourcecode.swift; path = LMBLEKeyModels.swift; sourceTree = "<group>"; };
		04DAEF8A0D118509CB6760D3 /* LMBLEProtocol.swift */ = {isa = PBXFileReference; lastKnownFileType = sourcecode.swift; path = LMBLEProtocol.swift; sourceTree = "<group>"; };
		64C107729BB80F383CF27593 /* LMLocationProvider.swift */ = {isa = PBXFileReference; lastKnownFileType = sourcecode.swift; path = LMLocationProvider.swift; sourceTree = "<group>"; };
		4741E8039A8C004B2345718F /* LMSessionStore.swift */ = {isa = PBXFileReference; lastKnownFileType = sourcecode.swift; path = LMSessionStore.swift; sourceTree = "<group>"; };
		9725D2C241BFDCDE2987B0EA /* BLEDebugView.swift */ = {isa = PBXFileReference; lastKnownFileType = sourcecode.swift; path = BLEDebugView.swift; sourceTree = "<group>"; };
		340E31FD60E7EA54F836AEF5 /* BLEKeyView.swift */ = {isa = PBXFileReference; lastKnownFileType = sourcecode.swift; path = BLEKeyView.swift; sourceTree = "<group>"; };
		56213D6C5F00FE3EBD2AD69D /* ChargeView.swift */ = {isa = PBXFileReference; lastKnownFileType = sourcecode.swift; path = ChargeView.swift; sourceTree = "<group>"; };
		326FA4819659E3F08EF88084 /* ControlPanelView.swift */ = {isa = PBXFileReference; lastKnownFileType = sourcecode.swift; path = ControlPanelView.swift; sourceTree = "<group>"; };
		480C6EB9AB5E2F713BC25983 /* DashboardView.swift */ = {isa = PBXFileReference; lastKnownFileType = sourcecode.swift; path = DashboardView.swift; sourceTree = "<group>"; };
		884B09FD5CEB6F0A0AB61C64 /* DiagnosticsView.swift */ = {isa = PBXFileReference; lastKnownFileType = sourcecode.swift; path = DiagnosticsView.swift; sourceTree = "<group>"; };
		A2232B272CB878B5367BDDB8 /* LocationView.swift */ = {isa = PBXFileReference; lastKnownFileType = sourcecode.swift; path = LocationView.swift; sourceTree = "<group>"; };
		E8D2C4948680375B8853E1A6 /* LoginView.swift */ = {isa = PBXFileReference; lastKnownFileType = sourcecode.swift; path = LoginView.swift; sourceTree = "<group>"; };
		14D1F81B894F702F257C5CD1 /* SelfTestView.swift */ = {isa = PBXFileReference; lastKnownFileType = sourcecode.swift; path = SelfTestView.swift; sourceTree = "<group>"; };
		D451076F292E7189C3B2DBC6 /* SettingsView.swift */ = {isa = PBXFileReference; lastKnownFileType = sourcecode.swift; path = SettingsView.swift; sourceTree = "<group>"; };
		16C3E05407FB31B576C550F5 /* SignalExplorerView.swift */ = {isa = PBXFileReference; lastKnownFileType = sourcecode.swift; path = SignalExplorerView.swift; sourceTree = "<group>"; };
		E662A36FCA7763CF25013E50 /* Theme.swift */ = {isa = PBXFileReference; lastKnownFileType = sourcecode.swift; path = Theme.swift; sourceTree = "<group>"; };
		503EA159B38B35A8F3176C8D /* LeapmotorLiteApp.swift */ = {isa = PBXFileReference; lastKnownFileType = sourcecode.swift; path = LeapmotorLiteApp.swift; sourceTree = "<group>"; };
		1FC48A12AC8DA9A5E82D0931 /* Assets.xcassets */ = {isa = PBXFileReference; lastKnownFileType = folder.assetcatalog; path = Assets.xcassets; sourceTree = "<group>"; };
		B0213FAF817FCC4915F0DC1C /* Info.plist */ = {isa = PBXFileReference; lastKnownFileType = text.plist.xml; path = Info.plist; sourceTree = "<group>"; };
/* End PBXFileReference section */

/* Begin PBXFrameworksBuildPhase section */
		96499682E706E1F7FAFB7A67 /* Frameworks */ = {
			isa = PBXFrameworksBuildPhase;
			buildActionMask = 2147483647;
			files = (
			);
			runOnlyForDeploymentPostprocessing = 0;
		};
/* End PBXFrameworksBuildPhase section */

/* Begin PBXGroup section */
		8EBE4E436EB02F4B29C17C88 = {
			isa = PBXGroup;
			children = (
				FAD9564EDFCB7E4AA046E8DF /* LeapmotorLite */,
				D7EEDE036F63FAE35325BE64 /* Products */,
			);
			sourceTree = "<group>";
		};
		D7EEDE036F63FAE35325BE64 /* Products */ = {
			isa = PBXGroup;
			children = (
				500C8EDC27AEFDD750931F18 /* LeapmotorLite.app */,
			);
			name = Products;
			sourceTree = "<group>";
		};
		FAD9564EDFCB7E4AA046E8DF /* LeapmotorLite */ = {
			isa = PBXGroup;
			children = (
				4EBB3F0B5061532FFAABC0AF /* Crypto */,
				AE2A4A41186ED8DD7576F55D /* API */,
				CD21604D297A5FE8431A6A01 /* BLE */,
				455A1775BB2985D385F39223 /* Store */,
				D154BF9AE96ED6D023BE10B6 /* Views */,
				57237621A0BE1CD5D3D4F0EE /* Support */,
				1FC48A12AC8DA9A5E82D0931 /* Assets.xcassets */,
				503EA159B38B35A8F3176C8D /* LeapmotorLiteApp.swift */,
			);
			path = LeapmotorLite;
			sourceTree = "<group>";
		};
		4EBB3F0B5061532FFAABC0AF /* Crypto */ = {
			isa = PBXGroup;
			children = (
				4EC379FB7D7EFFC185646B9C /* LMAES.swift */,
				5B9FC8D85BF79532E12462FE /* LMHash.swift */,
				EAD8BB22C723B03DA3D6B4E8 /* LMRSA.swift */,
				21605AA59368B17620004802 /* LMSelfTest.swift */,
				46236D7624BAB005E0678FC4 /* LMSigner.swift */,
			);
			path = Crypto;
			sourceTree = "<group>";
		};
		AE2A4A41186ED8DD7576F55D /* API */ = {
			isa = PBXGroup;
			children = (
				248EAADE93448B39F347B406 /* LMClient.swift */,
				D3373F1032F8959D7495DA76 /* LMEndpoints.swift */,
				111D949AB8906CEF24EB9CBC /* LMModels.swift */,
				8D10A04F6B381CD7B6E54E02 /* LMSignalCatalog.swift */,
			);
			path = API;
			sourceTree = "<group>";
		};
		CD21604D297A5FE8431A6A01 /* BLE */ = {
			isa = PBXGroup;
			children = (
				178E0F70606542F28376CA72 /* LMBLECentral.swift */,
				9C3D44F3461B2BCDFF4F89A6 /* LMBLEKeyModels.swift */,
				04DAEF8A0D118509CB6760D3 /* LMBLEProtocol.swift */,
			);
			path = BLE;
			sourceTree = "<group>";
		};
		455A1775BB2985D385F39223 /* Store */ = {
			isa = PBXGroup;
			children = (
				64C107729BB80F383CF27593 /* LMLocationProvider.swift */,
				4741E8039A8C004B2345718F /* LMSessionStore.swift */,
			);
			path = Store;
			sourceTree = "<group>";
		};
		D154BF9AE96ED6D023BE10B6 /* Views */ = {
			isa = PBXGroup;
			children = (
				9725D2C241BFDCDE2987B0EA /* BLEDebugView.swift */,
				340E31FD60E7EA54F836AEF5 /* BLEKeyView.swift */,
				56213D6C5F00FE3EBD2AD69D /* ChargeView.swift */,
				326FA4819659E3F08EF88084 /* ControlPanelView.swift */,
				480C6EB9AB5E2F713BC25983 /* DashboardView.swift */,
				884B09FD5CEB6F0A0AB61C64 /* DiagnosticsView.swift */,
				A2232B272CB878B5367BDDB8 /* LocationView.swift */,
				E8D2C4948680375B8853E1A6 /* LoginView.swift */,
				14D1F81B894F702F257C5CD1 /* SelfTestView.swift */,
				D451076F292E7189C3B2DBC6 /* SettingsView.swift */,
				16C3E05407FB31B576C550F5 /* SignalExplorerView.swift */,
				E662A36FCA7763CF25013E50 /* Theme.swift */,
			);
			path = Views;
			sourceTree = "<group>";
		};
		57237621A0BE1CD5D3D4F0EE /* Support */ = {
			isa = PBXGroup;
			children = (
				B0213FAF817FCC4915F0DC1C /* Info.plist */,
			);
			path = Support;
			sourceTree = "<group>";
		};
/* End PBXGroup section */

/* Begin PBXNativeTarget section */
		B2F65123D784A7AC5A2356A1 /* LeapmotorLite */ = {
			isa = PBXNativeTarget;
			buildConfigurationList = 46E918C801C3F80FB4CE477C /* Build configuration list for PBXNativeTarget "LeapmotorLite" */;
			buildPhases = (
				D02A80A1A0C164F74553DA25 /* Sources */,
				96499682E706E1F7FAFB7A67 /* Frameworks */,
				E98A74DC2EE3701514919F64 /* Resources */,
			);
			buildRules = (
			);
			dependencies = (
			);
			name = LeapmotorLite;
			productName = LeapmotorLite;
			productReference = 500C8EDC27AEFDD750931F18 /* LeapmotorLite.app */;
			productType = "com.apple.product-type.application";
		};
/* End PBXNativeTarget section */

/* Begin PBXProject section */
		82A94B4421FD82FF334E2209 /* Project object */ = {
			isa = PBXProject;
			attributes = {
				BuildIndependentTargetsInParallel = 1;
				LastSwiftUpdateCheck = 1500;
				LastUpgradeCheck = 1500;
				TargetAttributes = {
					B2F65123D784A7AC5A2356A1 = {
						CreatedOnToolsVersion = 15.0;
					};
				};
			};
			buildConfigurationList = 0C96E37999EA70367499E545 /* Build configuration list for PBXProject "LeapmotorLite" */;
			compatibilityVersion = "Xcode 14.0";
			developmentRegion = en;
			hasScannedForEncodings = 0;
			knownRegions = (
				en,
				Base,
				"zh-Hans",
			);
			mainGroup = 8EBE4E436EB02F4B29C17C88;
			productRefGroup = D7EEDE036F63FAE35325BE64 /* Products */;
			projectDirPath = "";
			projectRoot = "";
			targets = (
				B2F65123D784A7AC5A2356A1 /* LeapmotorLite */,
			);
		};
/* End PBXProject section */

/* Begin PBXResourcesBuildPhase section */
		E98A74DC2EE3701514919F64 /* Resources */ = {
			isa = PBXResourcesBuildPhase;
			buildActionMask = 2147483647;
			files = (
				48473DF59511BE9D55AE6216 /* Assets.xcassets in Resources */,
			);
			runOnlyForDeploymentPostprocessing = 0;
		};
/* End PBXResourcesBuildPhase section */

/* Begin PBXSourcesBuildPhase section */
		D02A80A1A0C164F74553DA25 /* Sources */ = {
			isa = PBXSourcesBuildPhase;
			buildActionMask = 2147483647;
			files = (
				A8C4605FC0BD6A2EB1967656 /* LMAES.swift in Sources */,
				5C8D5C329F193CC072D2BFD2 /* LMHash.swift in Sources */,
				69171C6192F603E4899EF04D /* LMRSA.swift in Sources */,
				7BD7FBF07B39253D76A1123A /* LMSelfTest.swift in Sources */,
				D3CC54788A45AC052294BDDB /* LMSigner.swift in Sources */,
				A2A03EDF6D2846BE4EBA4DF3 /* LMClient.swift in Sources */,
				67DB4B82330D1C8B287DA291 /* LMEndpoints.swift in Sources */,
				9A757E750C4A958BF5B13A6C /* LMModels.swift in Sources */,
				BE32F72A1F4E6870E58778BC /* LMSignalCatalog.swift in Sources */,
				3CF7E4E59D8DED306DEE9648 /* LMBLECentral.swift in Sources */,
				432C7A34E678509945A4D291 /* LMBLEKeyModels.swift in Sources */,
				09E807F1DD178DBF38DE53B9 /* LMBLEProtocol.swift in Sources */,
				51E128805AA40CB440D6431F /* LMLocationProvider.swift in Sources */,
				B0F08AC632E7AB750BAC9A65 /* LMSessionStore.swift in Sources */,
				7474FDBCFFBCD62E4CD1EC58 /* BLEDebugView.swift in Sources */,
				6D966BDB1D1333C743571AB9 /* BLEKeyView.swift in Sources */,
				F288E6D7545C2089C17B3017 /* ChargeView.swift in Sources */,
				6451783540D5C3D218B3B9DF /* ControlPanelView.swift in Sources */,
				B0A122A53DA94A1FD96246DD /* DashboardView.swift in Sources */,
				95AD1011D983EEA87E78FCC4 /* DiagnosticsView.swift in Sources */,
				C990ACEEF612FBECF2853C0E /* LocationView.swift in Sources */,
				6907F2DD1482F6BEE24E3450 /* LoginView.swift in Sources */,
				D2A095BDDF9A875C86BBFEB5 /* SelfTestView.swift in Sources */,
				9DCBB53D7BE7B951E21874BE /* SettingsView.swift in Sources */,
				4815462BBC23FF3D6F58FF3C /* SignalExplorerView.swift in Sources */,
				7905221120FBB9DB8B74B787 /* Theme.swift in Sources */,
				AD7D1D4EEC7C579D1396E3C3 /* LeapmotorLiteApp.swift in Sources */,
			);
			runOnlyForDeploymentPostprocessing = 0;
		};
/* End PBXSourcesBuildPhase section */

/* Begin XCBuildConfiguration section */
		4974A59312D52E96D4D45407 /* Debug */ = {
			isa = XCBuildConfiguration;
			buildSettings = {
				ALWAYS_SEARCH_USER_PATHS = NO;
				CLANG_ANALYZER_NONNULL = YES;
				CLANG_ENABLE_MODULES = YES;
				CLANG_ENABLE_OBJC_ARC = YES;
				CLANG_WARN_BOOL_CONVERSION = YES;
				CLANG_WARN_DOCUMENTATION_COMMENTS = YES;
				CLANG_WARN_EMPTY_BODY = YES;
				CLANG_WARN_UNREACHABLE_CODE = YES;
				COPY_PHASE_STRIP = NO;
				ENABLE_STRICT_OBJC_MSGSEND = YES;
				ENABLE_USER_SCRIPT_SANDBOXING = YES;
				GCC_C_LANGUAGE_STANDARD = gnu17;
				GCC_NO_COMMON_BLOCKS = YES;
				GCC_WARN_UNDECLARED_SELECTOR = YES;
				GCC_WARN_UNUSED_FUNCTION = YES;
				GCC_WARN_UNUSED_VARIABLE = YES;
				IPHONEOS_DEPLOYMENT_TARGET = 17.0;
				LOCALIZATION_PREFERS_STRING_CATALOGS = YES;
				MTL_FAST_MATH = YES;
				SDKROOT = iphoneos;
				SWIFT_VERSION = 5.9;
				DEBUG_INFORMATION_FORMAT = dwarf;
				ENABLE_TESTABILITY = YES;
				GCC_DYNAMIC_NO_PIC = NO;
				GCC_OPTIMIZATION_LEVEL = 0;
				GCC_PREPROCESSOR_DEFINITIONS = (
					"DEBUG=1",
					"$(inherited)",
				);
				MTL_ENABLE_DEBUG_INFO = INCLUDE_SOURCE;
				ONLY_ACTIVE_ARCH = YES;
				SWIFT_ACTIVE_COMPILATION_CONDITIONS = DEBUG;
				SWIFT_OPTIMIZATION_LEVEL = "-Onone";
			};
			name = Debug;
		};
		BC334A15E0491686E61AC5B0 /* Release */ = {
			isa = XCBuildConfiguration;
			buildSettings = {
				ALWAYS_SEARCH_USER_PATHS = NO;
				CLANG_ANALYZER_NONNULL = YES;
				CLANG_ENABLE_MODULES = YES;
				CLANG_ENABLE_OBJC_ARC = YES;
				CLANG_WARN_BOOL_CONVERSION = YES;
				CLANG_WARN_DOCUMENTATION_COMMENTS = YES;
				CLANG_WARN_EMPTY_BODY = YES;
				CLANG_WARN_UNREACHABLE_CODE = YES;
				COPY_PHASE_STRIP = NO;
				ENABLE_STRICT_OBJC_MSGSEND = YES;
				ENABLE_USER_SCRIPT_SANDBOXING = YES;
				GCC_C_LANGUAGE_STANDARD = gnu17;
				GCC_NO_COMMON_BLOCKS = YES;
				GCC_WARN_UNDECLARED_SELECTOR = YES;
				GCC_WARN_UNUSED_FUNCTION = YES;
				GCC_WARN_UNUSED_VARIABLE = YES;
				IPHONEOS_DEPLOYMENT_TARGET = 17.0;
				LOCALIZATION_PREFERS_STRING_CATALOGS = YES;
				MTL_FAST_MATH = YES;
				SDKROOT = iphoneos;
				SWIFT_VERSION = 5.9;
				DEBUG_INFORMATION_FORMAT = "dwarf-with-dsym";
				ENABLE_NS_ASSERTIONS = NO;
				MTL_ENABLE_DEBUG_INFO = NO;
				SWIFT_COMPILATION_MODE = wholemodule;
			};
			name = Release;
		};
		479C49C37591280EF446C442 /* Debug */ = {
			isa = XCBuildConfiguration;
			buildSettings = {
				ASSETCATALOG_COMPILER_APPICON_NAME = AppIcon;
				CODE_SIGN_STYLE = Automatic;
				CURRENT_PROJECT_VERSION = 1;
				DEVELOPMENT_TEAM = "";
				GENERATE_INFOPLIST_FILE = NO;
				INFOPLIST_FILE = LeapmotorLite/Support/Info.plist;
				INFOPLIST_KEY_UILaunchScreen_Generation = NO;
				LD_RUNPATH_SEARCH_PATHS = (
					"$(inherited)",
					"@executable_path/Frameworks",
				);
				MARKETING_VERSION = 1.0.0;
				PRODUCT_BUNDLE_IDENTIFIER = com.example.leapmotorlite;
				PRODUCT_NAME = "$(TARGET_NAME)";
				SWIFT_EMIT_LOC_STRINGS = YES;
				SWIFT_STRICT_CONCURRENCY = minimal;
				TARGETED_DEVICE_FAMILY = "1,2";
			};
			name = Debug;
		};
		0E19207DC7F4A1622D0A2E6C /* Release */ = {
			isa = XCBuildConfiguration;
			buildSettings = {
				ASSETCATALOG_COMPILER_APPICON_NAME = AppIcon;
				CODE_SIGN_STYLE = Automatic;
				CURRENT_PROJECT_VERSION = 1;
				DEVELOPMENT_TEAM = "";
				GENERATE_INFOPLIST_FILE = NO;
				INFOPLIST_FILE = LeapmotorLite/Support/Info.plist;
				INFOPLIST_KEY_UILaunchScreen_Generation = NO;
				LD_RUNPATH_SEARCH_PATHS = (
					"$(inherited)",
					"@executable_path/Frameworks",
				);
				MARKETING_VERSION = 1.0.0;
				PRODUCT_BUNDLE_IDENTIFIER = com.example.leapmotorlite;
				PRODUCT_NAME = "$(TARGET_NAME)";
				SWIFT_EMIT_LOC_STRINGS = YES;
				SWIFT_STRICT_CONCURRENCY = minimal;
				TARGETED_DEVICE_FAMILY = "1,2";
			};
			name = Release;
		};
/* End XCBuildConfiguration section */

/* Begin XCConfigurationList section */
		0C96E37999EA70367499E545 /* Build configuration list for PBXProject "LeapmotorLite" */ = {
			isa = XCConfigurationList;
			buildConfigurations = (
				4974A59312D52E96D4D45407 /* Debug */,
				BC334A15E0491686E61AC5B0 /* Release */,
			);
			defaultConfigurationIsVisible = 0;
			defaultConfigurationName = Release;
		};
		46E918C801C3F80FB4CE477C /* Build configuration list for PBXNativeTarget "LeapmotorLite" */ = {
			isa = XCConfigurationList;
			buildConfigurations = (
				479C49C37591280EF446C442 /* Debug */,
				0E19207DC7F4A1622D0A2E6C /* Release */,
			);
			defaultConfigurationIsVisible = 0;
			defaultConfigurationName = Release;
		};
/* End XCConfigurationList section */
	};
	rootObject = 82A94B4421FD82FF334E2209 /* Project object */;
}
